// !$*UTF8*$!
{
	archiveVersion = 1;
	classes = {
	};
	objectVersion = 77;
	objects = {

/* Begin PBXBuildFile section */
		3D6472E32F576872007AEFB0 /* spec.txt in Sources */ = {isa = PBXBuildFile; fileRef = 3D6472E22F57685E007AEFB0 /* spec.txt */; };
		3D8526D32F5801BB00EA5DBE /* license.txt in Resources */ = {isa = PBXBuildFile; fileRef = 3D8526D22F5801AF00EA5DBE /* license.txt */; };
		3DAB654E2E85C17B00D92E08 /* ContentView.swift in Sources */ = {isa = PBXBuildFile; fileRef = 3DAB654D2E85C17B00D92E08 /* ContentView.swift */; };
		3DAB660A2E89035200D92E08 /* ColorOrBW.swift in Sources */ = {isa = PBXBuildFile; fileRef = 3DAB66092E89035200D92E08 /* ColorOrBW.swift */; };
		3DAB660C2E89038000D92E08 /* ConversionLogicColor.swift in Sources */ = {isa = PBXBuildFile; fileRef = 3DAB660B2E89038000D92E08 /* ConversionLogicColor.swift */; };
		3DAB660E2E8903B200D92E08 /* ConversionLogicBW.swift in Sources */ = {isa = PBXBuildFile; fileRef = 3DAB660D2E8903B200D92E08 /* ConversionLogicBW.swift */; };
		3DAB66122E890A8900D92E08 /* OrangeChallenge.swift in Sources */ = {isa = PBXBuildFile; fileRef = 3DAB66112E890A8900D92E08 /* OrangeChallenge.swift */; };
/* End PBXBuildFile section */

/* Begin PBXContainerItemProxy section */
		3DC424E02E852DCF00BC4282 /* PBXContainerItemProxy */ = {
			isa = PBXContainerItemProxy;
			containerPortal = 3DC424C92E852DCC00BC4282 /* Project object */;
			proxyType = 1;
			remoteGlobalIDString = 3DC424D02E852DCC00BC4282;
			remoteInfo = "Negative Conversion";
		};
		3DC424EA2E852DCF00BC4282 /* PBXContainerItemProxy */ = {
			isa = PBXContainerItemProxy;
			containerPortal = 3DC424C92E852DCC00BC4282 /* Project object */;
			proxyType = 1;
			remoteGlobalIDString = 3DC424D02E852DCC00BC4282;
			remoteInfo = "Negative Conversion";
		};
/* End PBXContainerItemProxy section */

/* Begin PBXFileReference section */
		3D6472E22F57685E007AEFB0 /* spec.txt */ = {isa = PBXFileReference; lastKnownFileType = text; path = spec.txt; sourceTree = "<group>"; };
		3D8526D22F5801AF00EA5DBE /* license.txt */ = {isa = PBXFileReference; lastKnownFileType = text; path = license.txt; sourceTree = "<group>"; };
		3DAB654D2E85C17B00D92E08 /* ContentView.swift */ = {isa = PBXFileReference; lastKnownFileType = sourcecode.swift; path = ContentView.swift; sourceTree = "<group>"; };
		3DAB66092E89035200D92E08 /* ColorOrBW.swift */ = {isa = PBXFileReference; lastKnownFileType = sourcecode.swift; path = ColorOrBW.swift; sourceTree = "<group>"; };
		3DAB660B2E89038000D92E08 /* ConversionLogicColor.swift */ = {isa = PBXFileReference; lastKnownFileType = sourcecode.swift; path = ConversionLogicColor.swift; sourceTree = "<group>"; };
		3DAB660D2E8903B200D92E08 /* ConversionLogicBW.swift */ = {isa = PBXFileReference; lastKnownFileType = sourcecode.swift; path = ConversionLogicBW.swift; sourceTree = "<group>"; };
		3DAB66112E890A8900D92E08 /* OrangeChallenge.swift */ = {isa = PBXFileReference; lastKnownFileType = sourcecode.swift; path = OrangeChallenge.swift; sourceTree = "<group>"; };
		3DC424D12E852DCC00BC4282 /* Negative Conversion.app */ = {isa = PBXFileReference; explicitFileType = wrapper.application; includeInIndex = 0; path = "Negative Conversion.app"; sourceTree = BUILT_PRODUCTS_DIR; };
		3DC424DF2E852DCF00BC4282 /* Negative ConversionTests.xctest */ = {isa = PBXFileReference; explicitFileType = wrapper.cfbundle; includeInIndex = 0; path = "Negative ConversionTests.xctest"; sourceTree = BUILT_PRODUCTS_DIR; };
		3DC424E92E852DCF00BC4282 /* Negative ConversionUITests.xctest */ = {isa = PBXFileReference; explicitFileType = wrapper.cfbundle; includeInIndex = 0; path = "Negative ConversionUITests.xctest"; sourceTree = BUILT_PRODUCTS_DIR; };
/* End PBXFileReference section */

/* Begin PBXFileSystemSynchronizedRootGroup section */
		3DC424D32E852DCC00BC4282 /* Negative Conversion */ = {
			isa = PBXFileSystemSynchronizedRootGroup;
			path = "Negative Conversion";
			sourceTree = "<group>";
		};
		3DC424E22E852DCF00BC4282 /* Negative ConversionTests */ = {
			isa = PBXFileSystemSynchronizedRootGroup;
			path = "Negative ConversionTests";
			sourceTree = "<group>";
		};
		3DC424EC2E852DCF00BC4282 /* Negative ConversionUITests */ = {
			isa = PBXFileSystemSynchronizedRootGroup;
			path = "Negative ConversionUITests";
			sourceTree = "<group>";
		};
/* End PBXFileSystemSynchronizedRootGroup section */

/* Begin PBXFrameworksBuildPhase section */
		3DC424CE2E852DCC00BC4282 /* Frameworks */ = {
			isa = PBXFrameworksBuildPhase;
			buildActionMask = 2147483647;
			files = (
			);
			runOnlyForDeploymentPostprocessing = 0;
		};
		3DC424DC2E852DCF00BC4282 /* Frameworks */ = {
			isa = PBXFrameworksBuildPhase;
			buildActionMask = 2147483647;
			files = (
			);
			runOnlyForDeploymentPostprocessing = 0;
		};
		3DC424E62E852DCF00BC4282 /* Frameworks */ = {
			isa = PBXFrameworksBuildPhase;
			buildActionMask = 2147483647;
			files = (
			);
			runOnlyForDeploymentPostprocessing = 0;
		};
/* End PBXFrameworksBuildPhase section */

/* Begin PBXGroup section */
		3DC424C82E852DCC00BC4282 = {
			isa = PBXGroup;
			children = (
				3D6472E22F57685E007AEFB0 /* spec.txt */,
				3D8526D22F5801AF00EA5DBE /* license.txt */,
				3DAB654D2E85C17B00D92E08 /* ContentView.swift */,
				3DAB66092E89035200D92E08 /* ColorOrBW.swift */,
				3DAB660B2E89038000D92E08 /* ConversionLogicColor.swift */,
				3DAB660D2E8903B200D92E08 /* ConversionLogicBW.swift */,
				3DAB66112E890A8900D92E08 /* OrangeChallenge.swift */,
				3DC424D32E852DCC00BC4282 /* Negative Conversion */,
				3DC424E22E852DCF00BC4282 /* Negative ConversionTests */,
				3DC424EC2E852DCF00BC4282 /* Negative ConversionUITests */,
				3DC424D22E852DCC00BC4282 /* Products */,
			);
			sourceTree = "<group>";
		};
		3DC424D22E852DCC00BC4282 /* Products */ = {
			isa = PBXGroup;
			children = (
				3DC424D12E852DCC00BC4282 /* Negative Conversion.app */,
				3DC424DF2E852DCF00BC4282 /* Negative ConversionTests.xctest */,
				3DC424E92E852DCF00BC4282 /* Negative ConversionUITests.xctest */,
			);
			name = Products;
			sourceTree = "<group>";
		};
/* End PBXGroup section */

/* Begin PBXNativeTarget section */
		3DC424D02E852DCC00BC4282 /* Negative Conversion */ = {
			isa = PBXNativeTarget;
			buildConfigurationList = 3DC424F32E852DCF00BC4282 /* Build configuration list for PBXNativeTarget "Negative Conversion" */;
			buildPhases = (
				3DC424CD2E852DCC00BC4282 /* Sources */,
				3DC424CE2E852DCC00BC4282 /* Frameworks */,
				3DC424CF2E852DCC00BC4282 /* Resources */,
			);
			buildRules = (
			);
			dependencies = (
			);
			fileSystemSynchronizedGroups = (
				3DC424D32E852DCC00BC4282 /* Negative Conversion */,
			);
			name = "Negative Conversion";
			packageProductDependencies = (
			);
			productName = "Negative Conversion";
			productReference = 3DC424D12E852DCC00BC4282 /* Negative Conversion.app */;
			productType = "com.apple.product-type.application";
		};
		3DC424DE2E852DCF00BC4282 /* Negative ConversionTests */ = {
			isa = PBXNativeTarget;
			buildConfigurationList = 3DC424F62E852DCF00BC4282 /* Build configuration list for PBXNativeTarget "Negative ConversionTests" */;
			buildPhases = (
				3DC424DB2E852DCF00BC4282 /* Sources */,
				3DC424DC2E852DCF00BC4282 /* Frameworks */,
				3DC424DD2E852DCF00BC4282 /* Resources */,
			);
			buildRules = (
			);
			dependencies = (
				3DC424E12E852DCF00BC4282 /* PBXTargetDependency */,
			);
			fileSystemSynchronizedGroups = (
				3DC424E22E852DCF00BC4282 /* Negative ConversionTests */,
			);
			name = "Negative ConversionTests";
			packageProductDependencies = (
			);
			productName = "Negative ConversionTests";
			productReference = 3DC424DF2E852DCF00BC4282 /* Negative ConversionTests.xctest */;
			productType = "com.apple.product-type.bundle.unit-test";
		};
		3DC424E82E852DCF00BC4282 /* Negative ConversionUITests */ = {
			isa = PBXNativeTarget;
			buildConfigurationList = 3DC424F92E852DCF00BC4282 /* Build configuration list for PBXNativeTarget "Negative ConversionUITests" */;
			buildPhases = (
				3DC424E52E852DCF00BC4282 /* Sources */,
				3DC424E62E852DCF00BC4282 /* Frameworks */,
				3DC424E72E852DCF00BC4282 /* Resources */,
			);
			buildRules = (
			);
			dependencies = (
				3DC424EB2E852DCF00BC4282 /* PBXTargetDependency */,
			);
			fileSystemSynchronizedGroups = (
				3DC424EC2E852DCF00BC4282 /* Negative ConversionUITests */,
			);
			name = "Negative ConversionUITests";
			packageProductDependencies = (
			);
			productName = "Negative ConversionUITests";
			productReference = 3DC424E92E852DCF00BC4282 /* Negative ConversionUITests.xctest */;
			productType = "com.apple.product-type.bundle.ui-testing";
		};
/* End PBXNativeTarget section */

/* Begin PBXProject section */
		3DC424C92E852DCC00BC4282 /* Project object */ = {
			isa = PBXProject;
			attributes = {
				BuildIndependentTargetsInParallel = 1;
				LastSwiftUpdateCheck = 1640;
				LastUpgradeCheck = 1640;
				TargetAttributes = {
					3DC424D02E852DCC00BC4282 = {
						CreatedOnToolsVersion = 16.4;
						LastSwiftMigration = 1640;
					};
					3DC424DE2E852DCF00BC4282 = {
						CreatedOnToolsVersion = 16.4;
						TestTargetID = 3DC424D02E852DCC00BC4282;
					};
					3DC424E82E852DCF00BC4282 = {
						CreatedOnToolsVersion = 16.4;
						TestTargetID = 3DC424D02E852DCC00BC4282;
					};
				};
			};
			buildConfigurationList = 3DC424CC2E852DCC00BC4282 /* Build configuration list for PBXProject "Negative Conversion" */;
			developmentRegion = en;
			hasScannedForEncodings = 0;
			knownRegions = (
				en,
				Base,
			);
			mainGroup = 3DC424C82E852DCC00BC4282;
			minimizedProjectReferenceProxies = 1;
			preferredProjectObjectVersion = 77;
			productRefGroup = 3DC424D22E852DCC00BC4282 /* Products */;
			projectDirPath = "";
			projectRoot = "";
			targets = (
				3DC424D02E852DCC00BC4282 /* Negative Conversion */,
				3DC424DE2E852DCF00BC4282 /* Negative ConversionTests */,
				3DC424E82E852DCF00BC4282 /* Negative ConversionUITests */,
			);
		};
/* End PBXProject section */

/* Begin PBXResourcesBuildPhase section */
		3DC424CF2E852DCC00BC4282 /* Resources */ = {
			isa = PBXResourcesBuildPhase;
			buildActionMask = 2147483647;
			files = (
				3D8526D32F5801BB00EA5DBE /* license.txt in Resources */,
			);
			runOnlyForDeploymentPostprocessing = 0;
		};
		3DC424DD2E852DCF00BC4282 /* Resources */ = {
			isa = PBXResourcesBuildPhase;
			buildActionMask = 2147483647;
			files = (
			);
			runOnlyForDeploymentPostprocessing = 0;
		};
		3DC424E72E852DCF00BC4282 /* Resources */ = {
			isa = PBXResourcesBuildPhase;
			buildActionMask = 2147483647;
			files = (
			);
			runOnlyForDeploymentPostprocessing = 0;
		};
/* End PBXResourcesBuildPhase section */

/* Begin PBXSourcesBuildPhase section */
		3DC424CD2E852DCC00BC4282 /* Sources */ = {
			isa = PBXSourcesBuildPhase;
			buildActionMask = 2147483647;
			files = (
				3DAB660C2E89038000D92E08 /* ConversionLogicColor.swift in Sources */,
				3D6472E32F576872007AEFB0 /* spec.txt in Sources */,
				3DAB660A2E89035200D92E08 /* ColorOrBW.swift in Sources */,
				3DAB66122E890A8900D92E08 /* OrangeChallenge.swift in Sources */,
				3DAB660E2E8903B200D92E08 /* ConversionLogicBW.swift in Sources */,
				3DAB654E2E85C17B00D92E08 /* ContentView.swift in Sources */,
			);
			runOnlyForDeploymentPostprocessing = 0;
		};
		3DC424DB2E852DCF00BC4282 /* Sources */ = {
			isa = PBXSourcesBuildPhase;
			buildActionMask = 2147483647;
			files = (
			);
			runOnlyForDeploymentPostprocessing = 0;
		};
		3DC424E52E852DCF00BC4282 /* Sources */ = {
			isa = PBXSourcesBuildPhase;
			buildActionMask = 2147483647;
			files = (
			);
			runOnlyForDeploymentPostprocessing = 0;
		};
/* End PBXSourcesBuildPhase section */

/* Begin PBXTargetDependency section */
		3DC424E12E852DCF00BC4282 /* PBXTargetDependency */ = {
			isa = PBXTargetDependency;
			target = 3DC424D02E852DCC00BC4282 /* Negative Conversion */;
			targetProxy = 3DC424E02E852DCF00BC4282 /* PBXContainerItemProxy */;
		};
		3DC424EB2E852DCF00BC4282 /* PBXTargetDependency */ = {
			isa = PBXTargetDependency;
			target = 3DC424D02E852DCC00BC4282 /* Negative Conversion */;
			targetProxy = 3DC424EA2E852DCF00BC4282 /* PBXContainerItemProxy */;
		};
/* End PBXTargetDependency section */

/* Begin XCBuildConfiguration section */
		3DC424F12E852DCF00BC4282 /* Debug */ = {
			isa = XCBuildConfiguration;
			buildSettings = {
				ALWAYS_SEARCH_USER_PATHS = NO;
				ASSETCATALOG_COMPILER_GENERATE_SWIFT_ASSET_SYMBOL_EXTENSIONS = YES;
				CLANG_ANALYZER_NONNULL = YES;
				CLANG_ANALYZER_NUMBER_OBJECT_CONVERSION = YES_AGGRESSIVE;
				CLANG_CXX_LANGUAGE_STANDARD = "gnu++20";
				CLANG_ENABLE_MODULES = YES;
				CLANG_ENABLE_OBJC_ARC = YES;
				CLANG_ENABLE_OBJC_WEAK = YES;
				CLANG_WARN_BLOCK_CAPTURE_AUTORELEASING = YES;
				CLANG_WARN_BOOL_CONVERSION = YES;
				CLANG_WARN_COMMA = YES;
				CLANG_WARN_CONSTANT_CONVERSION = YES;
				CLANG_WARN_DEPRECATED_OBJC_IMPLEMENTATIONS = YES;
				CLANG_WARN_DIRECT_OBJC_ISA_USAGE = YES_ERROR;
				CLANG_WARN_DOCUMENTATION_COMMENTS = YES;
				CLANG_WARN_EMPTY_BODY = YES;
				CLANG_WARN_ENUM_CONVERSION = YES;
				CLANG_WARN_INFINITE_RECURSION = YES;
				CLANG_WARN_INT_CONVERSION = YES;
				CLANG_WARN_NON_LITERAL_NULL_CONVERSION = YES;
				CLANG_WARN_OBJC_IMPLICIT_RETAIN_SELF = YES;
				CLANG_WARN_OBJC_LITERAL_CONVERSION = YES;
				CLANG_WARN_OBJC_ROOT_CLASS = YES_ERROR;
				CLANG_WARN_QUOTED_INCLUDE_IN_FRAMEWORK_HEADER = YES;
				CLANG_WARN_RANGE_LOOP_ANALYSIS = YES;
				CLANG_WARN_STRICT_PROTOTYPES = YES;
				CLANG_WARN_SUSPICIOUS_MOVE = YES;
				CLANG_WARN_UNGUARDED_AVAILABILITY = YES_AGGRESSIVE;
				CLANG_WARN_UNREACHABLE_CODE = YES;
				CLANG_WARN__DUPLICATE_METHOD_MATCH = YES;
				COPY_PHASE_STRIP = NO;
				DEBUG_INFORMATION_FORMAT = dwarf;
				DEVELOPMENT_TEAM = 3MAQURZT2C;
				ENABLE_STRICT_OBJC_MSGSEND = YES;
				ENABLE_TESTABILITY = YES;
				ENABLE_USER_SCRIPT_SANDBOXING = YES;
				GCC_C_LANGUAGE_STANDARD = gnu17;
				GCC_DYNAMIC_NO_PIC = NO;
				GCC_NO_COMMON_BLOCKS = YES;
				GCC_OPTIMIZATION_LEVEL = 0;
				GCC_PREPROCESSOR_DEFINITIONS = (
					"DEBUG=1",
					"$(inherited)",
				);
				GCC_WARN_64_TO_32_BIT_CONVERSION = YES;
				GCC_WARN_ABOUT_RETURN_TYPE = YES_ERROR;
				GCC_WARN_UNDECLARED_SELECTOR = YES;
				GCC_WARN_UNINITIALIZED_AUTOS = YES_AGGRESSIVE;
				GCC_WARN_UNUSED_FUNCTION = YES;
				GCC_WARN_UNUSED_VARIABLE = YES;
				LOCALIZATION_PREFERS_STRING_CATALOGS = YES;
				MACOSX_DEPLOYMENT_TARGET = 15.5;
				MTL_ENABLE_DEBUG_INFO = INCLUDE_SOURCE;
				MTL_FAST_MATH = YES;
				ONLY_ACTIVE_ARCH = YES;
				SDKROOT = macosx;
				SWIFT_ACTIVE_COMPILATION_CONDITIONS = "DEBUG $(inherited)";
				SWIFT_OPTIMIZATION_LEVEL = "-Onone";
			};
			name = Debug;
		};
		3DC424F22E852DCF00BC4282 /* Release */ = {
			isa = XCBuildConfiguration;
			buildSettings = {
				ALWAYS_SEARCH_USER_PATHS = NO;
				ASSETCATALOG_COMPILER_GENERATE_SWIFT_ASSET_SYMBOL_EXTENSIONS = YES;
				CLANG_ANALYZER_NONNULL = YES;
				CLANG_ANALYZER_NUMBER_OBJECT_CONVERSION = YES_AGGRESSIVE;
				CLANG_CXX_LANGUAGE_STANDARD = "gnu++20";
				CLANG_ENABLE_MODULES = YES;
				CLANG_ENABLE_OBJC_ARC = YES;
				CLANG_ENABLE_OBJC_WEAK = YES;
				CLANG_WARN_BLOCK_CAPTURE_AUTORELEASING = YES;
				CLANG_WARN_BOOL_CONVERSION = YES;
				CLANG_WARN_COMMA = YES;
				CLANG_WARN_CONSTANT_CONVERSION = YES;
				CLANG_WARN_DEPRECATED_OBJC_IMPLEMENTATIONS = YES;
				CLANG_WARN_DIRECT_OBJC_ISA_USAGE = YES_ERROR;
				CLANG_WARN_DOCUMENTATION_COMMENTS = YES;
				CLANG_WARN_EMPTY_BODY = YES;
				CLANG_WARN_ENUM_CONVERSION = YES;
				CLANG_WARN_INFINITE_RECURSION = YES;
				CLANG_WARN_INT_CONVERSION = YES;
				CLANG_WARN_NON_LITERAL_NULL_CONVERSION = YES;
				CLANG_WARN_OBJC_IMPLICIT_RETAIN_SELF = YES;
				CLANG_WARN_OBJC_LITERAL_CONVERSION = YES;
				CLANG_WARN_OBJC_ROOT_CLASS = YES_ERROR;
				CLANG_WARN_QUOTED_INCLUDE_IN_FRAMEWORK_HEADER = YES;
				CLANG_WARN_RANGE_LOOP_ANALYSIS = YES;
				CLANG_WARN_STRICT_PROTOTYPES = YES;
				CLANG_WARN_SUSPICIOUS_MOVE = YES;
				CLANG_WARN_UNGUARDED_AVAILABILITY = YES_AGGRESSIVE;
				CLANG_WARN_UNREACHABLE_CODE = YES;
				CLANG_WARN__DUPLICATE_METHOD_MATCH = YES;
				COPY_PHASE_STRIP = NO;
				DEBUG_INFORMATION_FORMAT = "dwarf-with-dsym";
				DEVELOPMENT_TEAM = 3MAQURZT2C;
				ENABLE_NS_ASSERTIONS = NO;
				ENABLE_STRICT_OBJC_MSGSEND = YES;
				ENABLE_USER_SCRIPT_SANDBOXING = YES;
				GCC_C_LANGUAGE_STANDARD = gnu17;
				GCC_NO_COMMON_BLOCKS = YES;
				GCC_WARN_64_TO_32_BIT_CONVERSION = YES;
				GCC_WARN_ABOUT_RETURN_TYPE = YES_ERROR;
				GCC_WARN_UNDECLARED_SELECTOR = YES;
				GCC_WARN_UNINITIALIZED_AUTOS = YES_AGGRESSIVE;
				GCC_WARN_UNUSED_FUNCTION = YES;
				GCC_WARN_UNUSED_VARIABLE = YES;
				LOCALIZATION_PREFERS_STRING_CATALOGS = YES;
				MACOSX_DEPLOYMENT_TARGET = 15.5;
				MTL_ENABLE_DEBUG_INFO = NO;
				MTL_FAST_MATH = YES;
				SDKROOT = macosx;
				SWIFT_COMPILATION_MODE = wholemodule;
			};
			name = Release;
		};
		3DC424F42E852DCF00BC4282 /* Debug */ = {
			isa = XCBuildConfiguration;
			buildSettings = {
				ASSETCATALOG_COMPILER_APPICON_NAME = AppIcon;
				ASSETCATALOG_COMPILER_GLOBAL_ACCENT_COLOR_NAME = AccentColor;
				ASSETCATALOG_COMPILER_INCLUDE_ALL_APPICON_ASSETS = NO;
				CLANG_ENABLE_MODULES = YES;
				CODE_SIGN_ENTITLEMENTS = "Negative Conversion/Negative_Conversion.entitlements";
				CODE_SIGN_IDENTITY = "Apple Development";
				"CODE_SIGN_IDENTITY[sdk=macosx*]" = "Apple Development";
				CODE_SIGN_STYLE = Automatic;
				COMBINE_HIDPI_IMAGES = YES;
				CURRENT_PROJECT_VERSION = 1.6;
				DEVELOPMENT_TEAM = 3MAQURZT2C;
				ENABLE_HARDENED_RUNTIME = YES;
				ENABLE_PREVIEWS = YES;
				GENERATE_INFOPLIST_FILE = YES;
				INFOPLIST_KEY_CFBundleDisplayName = "Negative Conversion";
				INFOPLIST_KEY_LSApplicationCategoryType = "public.app-category.photography";
				INFOPLIST_KEY_NSHumanReadableCopyright = "";
				LD_RUNPATH_SEARCH_PATHS = (
					"$(inherited)",
					"@executable_path/../Frameworks",
				);
				MARKETING_VERSION = 1.13;
				PRODUCT_BUNDLE_IDENTIFIER = "art.slowlight.Negative-Conversion";
				PRODUCT_NAME = "$(TARGET_NAME)";
				PROVISIONING_PROFILE_SPECIFIER = "";
				REGISTER_APP_GROUPS = YES;
				SWIFT_EMIT_LOC_STRINGS = YES;
				SWIFT_OPTIMIZATION_LEVEL = "-Onone";
				SWIFT_VERSION = 5.0;
			};
			name = Debug;
		};
		3DC424F52E852DCF00BC4282 /* Release */ = {
			isa = XCBuildConfiguration;
			buildSettings = {
				ASSETCATALOG_COMPILER_APPICON_NAME = AppIcon;
				ASSETCATALOG_COMPILER_GLOBAL_ACCENT_COLOR_NAME = AccentColor;
				ASSETCATALOG_COMPILER_INCLUDE_ALL_APPICON_ASSETS = NO;
				CLANG_ENABLE_MODULES = YES;
				CODE_SIGN_ENTITLEMENTS = "Negative Conversion/Negative_Conversion.entitlements";
				CODE_SIGN_IDENTITY = "Apple Development";
				"CODE_SIGN_IDENTITY[sdk=macosx*]" = "Apple Development";
				CODE_SIGN_STYLE = Automatic;
				COMBINE_HIDPI_IMAGES = YES;
				CURRENT_PROJECT_VERSION = 1.6;
				DEVELOPMENT_TEAM = 3MAQURZT2C;
				ENABLE_APP_SANDBOX = YES;
				ENABLE_HARDENED_RUNTIME = YES;
				ENABLE_INCOMING_NETWORK_CONNECTIONS = NO;
				ENABLE_OUTGOING_NETWORK_CONNECTIONS = NO;
				ENABLE_PREVIEWS = YES;
				ENABLE_RESOURCE_ACCESS_AUDIO_INPUT = NO;
				ENABLE_RESOURCE_ACCESS_BLUETOOTH = NO;
				ENABLE_RESOURCE_ACCESS_CALENDARS = NO;
				ENABLE_RESOURCE_ACCESS_CAMERA = NO;
				ENABLE_RESOURCE_ACCESS_CONTACTS = NO;
				ENABLE_RESOURCE_ACCESS_LOCATION = NO;
				ENABLE_RESOURCE_ACCESS_PRINTING = NO;
				ENABLE_RESOURCE_ACCESS_USB = NO;
				GENERATE_INFOPLIST_FILE = YES;
				INFOPLIST_KEY_CFBundleDisplayName = "Negative Conversion";
				INFOPLIST_KEY_LSApplicationCategoryType = "public.app-category.photography";
				INFOPLIST_KEY_NSHumanReadableCopyright = "";
				LD_RUNPATH_SEARCH_PATHS = (
					"$(inherited)",
					"@executable_path/../Frameworks",
				);
				MARKETING_VERSION = 1.13;
				PRODUCT_BUNDLE_IDENTIFIER = "art.slowlight.Negative-Conversion";
				PRODUCT_NAME = "$(TARGET_NAME)";
				PROVISIONING_PROFILE_SPECIFIER = "";
				REGISTER_APP_GROUPS = YES;
				SWIFT_EMIT_LOC_STRINGS = YES;
				SWIFT_VERSION = 5.0;
			};
			name = Release;
		};
		3DC424F72E852DCF00BC4282 /* Debug */ = {
			isa = XCBuildConfiguration;
			buildSettings = {
				BUNDLE_LOADER = "$(TEST_HOST)";
				"CODE_SIGN_IDENTITY[sdk=macosx*]" = "-";
				CODE_SIGN_STYLE = Automatic;
				CURRENT_PROJECT_VERSION = 1;
				DEVELOPMENT_TEAM = 3MAQURZT2C;
				GENERATE_INFOPLIST_FILE = YES;
				MACOSX_DEPLOYMENT_TARGET = 15.5;
				MARKETING_VERSION = 1.0;
				PRODUCT_BUNDLE_IDENTIFIER = "art.slowlight.Negative-ConversionTests";
				PRODUCT_NAME = "$(TARGET_NAME)";
				SWIFT_EMIT_LOC_STRINGS = NO;
				SWIFT_VERSION = 5.0;
				TEST_HOST = "$(BUILT_PRODUCTS_DIR)/Negative Conversion.app/$(BUNDLE_EXECUTABLE_FOLDER_PATH)/Negative Conversion";
			};
			name = Debug;
		};
		3DC424F82E852DCF00BC4282 /* Release */ = {
			isa = XCBuildConfiguration;
			buildSettings = {
				BUNDLE_LOADER = "$(TEST_HOST)";
				"CODE_SIGN_IDENTITY[sdk=macosx*]" = "-";
				CODE_SIGN_STYLE = Automatic;
				CURRENT_PROJECT_VERSION = 1;
				DEVELOPMENT_TEAM = 3MAQURZT2C;
				GENERATE_INFOPLIST_FILE = YES;
				MACOSX_DEPLOYMENT_TARGET = 15.5;
				MARKETING_VERSION = 1.0;
				PRODUCT_BUNDLE_IDENTIFIER = "art.slowlight.Negative-ConversionTests";
				PRODUCT_NAME = "$(TARGET_NAME)";
				SWIFT_EMIT_LOC_STRINGS = NO;
				SWIFT_VERSION = 5.0;
				TEST_HOST = "$(BUILT_PRODUCTS_DIR)/Negative Conversion.app/$(BUNDLE_EXECUTABLE_FOLDER_PATH)/Negative Conversion";
			};
			name = Release;
		};
		3DC424FA2E852DCF00BC4282 /* Debug */ = {
			isa = XCBuildConfiguration;
			buildSettings = {
				"CODE_SIGN_IDENTITY[sdk=macosx*]" = "-";
				CODE_SIGN_STYLE = Automatic;
				CURRENT_PROJECT_VERSION = 1;
				DEVELOPMENT_TEAM = 3MAQURZT2C;
				GENERATE_INFOPLIST_FILE = YES;
				MARKETING_VERSION = 1.0;
				PRODUCT_BUNDLE_IDENTIFIER = "art.slowlight.Negative-ConversionUITests";
				PRODUCT_NAME = "$(TARGET_NAME)";
				SWIFT_EMIT_LOC_STRINGS = NO;
				SWIFT_VERSION = 5.0;
				TEST_TARGET_NAME = "Negative Conversion";
			};
			name = Debug;
		};
		3DC424FB2E852DCF00BC4282 /* Release */ = {
			isa = XCBuildConfiguration;
			buildSettings = {
				"CODE_SIGN_IDENTITY[sdk=macosx*]" = "-";
				CODE_SIGN_STYLE = Automatic;
				CURRENT_PROJECT_VERSION = 1;
				DEVELOPMENT_TEAM = 3MAQURZT2C;
				GENERATE_INFOPLIST_FILE = YES;
				MARKETING_VERSION = 1.0;
				PRODUCT_BUNDLE_IDENTIFIER = "art.slowlight.Negative-ConversionUITests";
				PRODUCT_NAME = "$(TARGET_NAME)";
				SWIFT_EMIT_LOC_STRINGS = NO;
				SWIFT_VERSION = 5.0;
				TEST_TARGET_NAME = "Negative Conversion";
			};
			name = Release;
		};
/* End XCBuildConfiguration section */

/* Begin XCConfigurationList section */
		3DC424CC2E852DCC00BC4282 /* Build configuration list for PBXProject "Negative Conversion" */ = {
			isa = XCConfigurationList;
			buildConfigurations = (
				3DC424F12E852DCF00BC4282 /* Debug */,
				3DC424F22E852DCF00BC4282 /* Release */,
			);
			defaultConfigurationIsVisible = 0;
			defaultConfigurationName = Release;
		};
		3DC424F32E852DCF00BC4282 /* Build configuration list for PBXNativeTarget "Negative Conversion" */ = {
			isa = XCConfigurationList;
			buildConfigurations = (
				3DC424F42E852DCF00BC4282 /* Debug */,
				3DC424F52E852DCF00BC4282 /* Release */,
			);
			defaultConfigurationIsVisible = 0;
			defaultConfigurationName = Release;
		};
		3DC424F62E852DCF00BC4282 /* Build configuration list for PBXNativeTarget "Negative ConversionTests" */ = {
			isa = XCConfigurationList;
			buildConfigurations = (
				3DC424F72E852DCF00BC4282 /* Debug */,
				3DC424F82E852DCF00BC4282 /* Release */,
			);
			defaultConfigurationIsVisible = 0;
			defaultConfigurationName = Release;
		};
		3DC424F92E852DCF00BC4282 /* Build configuration list for PBXNativeTarget "Negative ConversionUITests" */ = {
			isa = XCConfigurationList;
			buildConfigurations = (
				3DC424FA2E852DCF00BC4282 /* Debug */,
				3DC424FB2E852DCF00BC4282 /* Release */,
			);
			defaultConfigurationIsVisible = 0;
			defaultConfigurationName = Release;
		};
/* End XCConfigurationList section */
	};
	rootObject = 3DC424C92E852DCC00BC4282 /* Project object */;
}
